
Microsoft Visual Studio Solution File, Format Version 12.00
# Visual Studio Version 17
VisualStudioVersion = 17.2.32630.192
MinimumVisualStudioVersion = 10.0.40219.1
Project("{2150E333-8FDC-42A3-9474-1A3956D46DE8}") = "scr", "scr", "{44113EE7-27D9-42EF-8343-93B993B956C9}"
EndProject
Project("{2150E333-8FDC-42A3-9474-1A3956D46DE8}") = "test", "test", "{1DC6429E-46D7-4C46-9759-C3EFABB68252}"
EndProject
Project("{2150E333-8FDC-42A3-9474-1A3956D46DE8}") = "api", "api", "{F101AB03-6F43-4663-85E7-24E4387C8E98}"
EndProject
Project("{2150E333-8FDC-42A3-9474-1A3956D46DE8}") = "app", "app", "{BE10C66B-D17E-4F5D-AE3B-2F169DECCB90}"
EndProject
Project("{2150E333-8FDC-42A3-9474-1A3956D46DE8}") = "data", "data", "{027D436A-F5CC-4646-83E5-ED67FAEB6A67}"
EndProject
Project("{2150E333-8FDC-42A3-9474-1A3956D46DE8}") = "domain", "domain", "{9BDB8262-F77D-43AC-86BA-721A7B60E052}"
EndProject
Project("{2150E333-8FDC-42A3-9474-1A3956D46DE8}") = "infra", "infra", "{EAE2B96C-A9C9-49B9-A316-A3DA6BA4F947}"
EndProject
Project("{9A19103F-16F7-4668-BE54-9A1E7A4F7556}") = "api.resource", "..\scr\api\api.resource\api.resource.csproj", "{CD8D925B-685F-4182-AB7A-9A5F20C60B25}"
EndProject
Project("{9A19103F-16F7-4668-BE54-9A1E7A4F7556}") = "api.campaign", "..\scr\api\api.campaign\api.campaign.csproj", "{9817A618-0514-4C78-8845-06CABC15EFBF}"
EndProject
Project("{9A19103F-16F7-4668-BE54-9A1E7A4F7556}") = "api.agency", "..\scr\api\api.agency\api.agency.csproj", "{36276BEE-A7AB-4DA2-A32D-3EE201A358CC}"
EndProject
Project("{9A19103F-16F7-4668-BE54-9A1E7A4F7556}") = "app.agency", "..\scr\app\app.agency\app.agency.csproj", "{B9387FCF-E018-4EE7-BE80-A7D70F2B7252}"
EndProject
Project("{9A19103F-16F7-4668-BE54-9A1E7A4F7556}") = "app.campaign", "..\scr\app\app.campaign\app.campaign.csproj", "{F36E8EED-A602-496E-AF23-17E7B4EC2DDC}"
EndProject
Project("{9A19103F-16F7-4668-BE54-9A1E7A4F7556}") = "app.resource", "..\scr\app\app.resource\app.resource.csproj", "{44B68F23-FED4-47FE-B8D0-AE71D21703E6}"
EndProject
Project("{9A19103F-16F7-4668-BE54-9A1E7A4F7556}") = "domain.agency", "..\scr\domain\domain.agency\domain.agency.csproj", "{2BEC3CA3-B8F1-4E05-849A-E8D60589B7EC}"
EndProject
Project("{9A19103F-16F7-4668-BE54-9A1E7A4F7556}") = "domain.campaign", "..\scr\domain\domain.campaign\domain.campaign.csproj", "{9C43128D-4A07-45BB-931D-C35C4A87783B}"
EndProject
Project("{9A19103F-16F7-4668-BE54-9A1E7A4F7556}") = "domain.resource", "..\scr\domain\domain.resource\domain.resource.csproj", "{C0A11342-59CC-4D87-8574-73EABD11989D}"
EndProject
Project("{9A19103F-16F7-4668-BE54-9A1E7A4F7556}") = "data.agency", "..\scr\data\data.agency\data.agency.csproj", "{FD7ADB94-792F-4F57-AAFA-C538918702FA}"
EndProject
Project("{9A19103F-16F7-4668-BE54-9A1E7A4F7556}") = "data.campaign", "..\scr\data\data.campaign\data.campaign.csproj", "{A3638E2E-60DE-44ED-9032-D77E4CD9DEC1}"
EndProject
Project("{9A19103F-16F7-4668-BE54-9A1E7A4F7556}") = "data.resource", "..\scr\data\data.resource\data.resource.csproj", "{7EA2B93E-60C4-4E9B-8895-7B51A470C407}"
EndProject
Project("{9A19103F-16F7-4668-BE54-9A1E7A4F7556}") = "infra.ioc.agency", "..\scr\infra\infra.ioc.agency\infra.ioc.agency.csproj", "{67825EA3-93E6-4167-8FF0-E7C1C38BBBE3}"
EndProject
Project("{9A19103F-16F7-4668-BE54-9A1E7A4F7556}") = "infra.ioc.campaign", "..\scr\infra\infra.ioc.campaign\infra.ioc.campaign.csproj", "{5E9F4992-FA2D-4363-B996-469A966D696C}"
EndProject
Project("{9A19103F-16F7-4668-BE54-9A1E7A4F7556}") = "infra.ioc.resource", "..\scr\infra\infra.ioc.resource\infra.ioc.resource.csproj", "{5A7D8AB2-365F-417E-B964-7A8CC39B190F}"
EndProject
Project("{9A19103F-16F7-4668-BE54-9A1E7A4F7556}") = "tdd.resource", "..\test\tdd.resource\tdd.resource.csproj", "{19DFF295-9A87-47DE-A12C-A69C4648F6DA}"
EndProject
Project("{2150E333-8FDC-42A3-9474-1A3956D46DE8}") = "gateway", "gateway", "{41BC7128-E88F-4153-96E4-A54366D07A54}"
EndProject
Project("{FAE04EC0-301F-11D3-BF4B-00C04F79EFBC}") = "gateway.resource", "gateway.resource\gateway.resource.csproj", "{BD87D6B3-AA22-4A31-BFFF-57731CA80F68}"
EndProject
Project("{FAE04EC0-301F-11D3-BF4B-00C04F79EFBC}") = "api.resource.token", "api.resource.token\api.resource.token.csproj", "{8C1A7A1D-3605-4C71-992F-EAB2D7A2841F}"
	ProjectSection(ProjectDependencies) = postProject
		{5A7D8AB2-365F-417E-B964-7A8CC39B190F} = {5A7D8AB2-365F-417E-B964-7A8CC39B190F}
	EndProjectSection
EndProject
Global
	GlobalSection(SolutionConfigurationPlatforms) = preSolution
		Debug|Any CPU = Debug|Any CPU
		Release|Any CPU = Release|Any CPU
	EndGlobalSection
	GlobalSection(ProjectConfigurationPlatforms) = postSolution
		{CD8D925B-685F-4182-AB7A-9A5F20C60B25}.Debug|Any CPU.ActiveCfg = Debug|Any CPU
		{CD8D925B-685F-4182-AB7A-9A5F20C60B25}.Debug|Any CPU.Build.0 = Debug|Any CPU
		{CD8D925B-685F-4182-AB7A-9A5F20C60B25}.Release|Any CPU.ActiveCfg = Release|Any CPU
		{CD8D925B-685F-4182-AB7A-9A5F20C60B25}.Release|Any CPU.Build.0 = Release|Any CPU
		{9817A618-0514-4C78-8845-06CABC15EFBF}.Debug|Any CPU.ActiveCfg = Debug|Any CPU
		{9817A618-0514-4C78-8845-06CABC15EFBF}.Debug|Any CPU.Build.0 = Debug|Any CPU
		{9817A618-0514-4C78-8845-06CABC15EFBF}.Release|Any CPU.ActiveCfg = Release|Any CPU
		{9817A618-0514-4C78-8845-06CABC15EFBF}.Release|Any CPU.Build.0 = Release|Any CPU
		{36276BEE-A7AB-4DA2-A32D-3EE201A358CC}.Debug|Any CPU.ActiveCfg = Debug|Any CPU
		{36276BEE-A7AB-4DA2-A32D-3EE201A358CC}.Debug|Any CPU.Build.0 = Debug|Any CPU
		{36276BEE-A7AB-4DA2-A32D-3EE201A358CC}.Release|Any CPU.ActiveCfg = Release|Any CPU
		{36276BEE-A7AB-4DA2-A32D-3EE201A358CC}.Release|Any CPU.Build.0 = Release|Any CPU
		{B9387FCF-E018-4EE7-BE80-A7D70F2B7252}.Debug|Any CPU.ActiveCfg = Debug|Any CPU
		{B9387FCF-E018-4EE7-BE80-A7D70F2B7252}.Debug|Any CPU.Build.0 = Debug|Any CPU
		{B9387FCF-E018-4EE7-BE80-A7D70F2B7252}.Release|Any CPU.ActiveCfg = Release|Any CPU
		{B9387FCF-E018-4EE7-BE80-A7D70F2B7252}.Release|Any CPU.Build.0 = Release|Any CPU
		{F36E8EED-A602-496E-AF23-17E7B4EC2DDC}.Debug|Any CPU.ActiveCfg = Debug|Any CPU
		{F36E8EED-A602-496E-AF23-17E7B4EC2DDC}.Debug|Any CPU.Build.0 = Debug|Any CPU
		{F36E8EED-A602-496E-AF23-17E7B4EC2DDC}.Release|Any CPU.ActiveCfg = Release|Any CPU
		{F36E8EED-A602-496E-AF23-17E7B4EC2DDC}.Release|Any CPU.Build.0 = Release|Any CPU
		{44B68F23-FED4-47FE-B8D0-AE71D21703E6}.Debug|Any CPU.ActiveCfg = Debug|Any CPU
		{44B68F23-FED4-47FE-B8D0-AE71D21703E6}.Debug|Any CPU.Build.0 = Debug|Any CPU
		{44B68F23-FED4-47FE-B8D0-AE71D21703E6}.Release|Any CPU.ActiveCfg = Release|Any CPU
		{44B68F23-FED4-47FE-B8D0-AE71D21703E6}.Release|Any CPU.Build.0 = Release|Any CPU
		{2BEC3CA3-B8F1-4E05-849A-E8D60589B7EC}.Debug|Any CPU.ActiveCfg = Debug|Any CPU
		{2BEC3CA3-B8F1-4E05-849A-E8D60589B7EC}.Debug|Any CPU.Build.0 = Debug|Any CPU
		{2BEC3CA3-B8F1-4E05-849A-E8D60589B7EC}.Release|Any CPU.ActiveCfg = Release|Any CPU
		{2BEC3CA3-B8F1-4E05-849A-E8D60589B7EC}.Release|Any CPU.Build.0 = Release|Any CPU
		{9C43128D-4A07-45BB-931D-C35C4A87783B}.Debug|Any CPU.ActiveCfg = Debug|Any CPU
		{9C43128D-4A07-45BB-931D-C35C4A87783B}.Debug|Any CPU.Build.0 = Debug|Any CPU
		{9C43128D-4A07-45BB-931D-C35C4A87783B}.Release|Any CPU.ActiveCfg = Release|Any CPU
		{9C43128D-4A07-45BB-931D-C35C4A87783B}.Release|Any CPU.Build.0 = Release|Any CPU
		{C0A11342-59CC-4D87-8574-73EABD11989D}.Debug|Any CPU.ActiveCfg = Debug|Any CPU
		{C0A11342-59CC-4D87-8574-73EABD11989D}.Debug|Any CPU.Build.0 = Debug|Any CPU
		{C0A11342-59CC-4D87-8574-73EABD11989D}.Release|Any CPU.ActiveCfg = Release|Any CPU
		{C0A11342-59CC-4D87-8574-73EABD11989D}.Release|Any CPU.Build.0 = Release|Any CPU
		{FD7ADB94-792F-4F57-AAFA-C538918702FA}.Debug|Any CPU.ActiveCfg = Debug|Any CPU
		{FD7ADB94-792F-4F57-AAFA-C538918702FA}.Debug|Any CPU.Build.0 = Debug|Any CPU
		{FD7ADB94-792F-4F57-AAFA-C538918702FA}.Release|Any CPU.ActiveCfg = Release|Any CPU
		{FD7ADB94-792F-4F57-AAFA-C538918702FA}.Release|Any CPU.Build.0 = Release|Any CPU
		{A3638E2E-60DE-44ED-9032-D77E4CD9DEC1}.Debug|Any CPU.ActiveCfg = Debug|Any CPU
		{A3638E2E-60DE-44ED-9032-D77E4CD9DEC1}.Debug|Any CPU.Build.0 = Debug|Any CPU
		{A3638E2E-60DE-44ED-9032-D77E4CD9DEC1}.Release|Any CPU.ActiveCfg = Release|Any CPU
		{A3638E2E-60DE-44ED-9032-D77E4CD9DEC1}.Release|Any CPU.Build.0 = Release|Any CPU
		{7EA2B93E-60C4-4E9B-8895-7B51A470C407}.Debug|Any CPU.ActiveCfg = Debug|Any CPU
		{7EA2B93E-60C4-4E9B-8895-7B51A470C407}.Debug|Any CPU.Build.0 = Debug|Any CPU
		{7EA2B93E-60C4-4E9B-8895-7B51A470C407}.Release|Any CPU.ActiveCfg = Release|Any CPU
		{7EA2B93E-60C4-4E9B-8895-7B51A470C407}.Release|Any CPU.Build.0 = Release|Any CPU
		{67825EA3-93E6-4167-8FF0-E7C1C38BBBE3}.Debug|Any CPU.ActiveCfg = Debug|Any CPU
		{67825EA3-93E6-4167-8FF0-E7C1C38BBBE3}.Debug|Any CPU.Build.0 = Debug|Any CPU
		{67825EA3-93E6-4167-8FF0-E7C1C38BBBE3}.Release|Any CPU.ActiveCfg = Release|Any CPU
		{67825EA3-93E6-4167-8FF0-E7C1C38BBBE3}.Release|Any CPU.Build.0 = Release|Any CPU
		{5E9F4992-FA2D-4363-B996-469A966D696C}.Debug|Any CPU.ActiveCfg = Debug|Any CPU
		{5E9F4992-FA2D-4363-B996-469A966D696C}.Debug|Any CPU.Build.0 = Debug|Any CPU
		{5E9F4992-FA2D-4363-B996-469A966D696C}.Release|Any CPU.ActiveCfg = Release|Any CPU
		{5E9F4992-FA2D-4363-B996-469A966D696C}.Release|Any CPU.Build.0 = Release|Any CPU
		{5A7D8AB2-365F-417E-B964-7A8CC39B190F}.Debug|Any CPU.ActiveCfg = Debug|Any CPU
		{5A7D8AB2-365F-417E-B964-7A8CC39B190F}.Debug|Any CPU.Build.0 = Debug|Any CPU
		{5A7D8AB2-365F-417E-B964-7A8CC39B190F}.Release|Any CPU.ActiveCfg = Release|Any CPU
		{5A7D8AB2-365F-417E-B964-7A8CC39B190F}.Release|Any CPU.Build.0 = Release|Any CPU
		{19DFF295-9A87-47DE-A12C-A69C4648F6DA}.Debug|Any CPU.ActiveCfg = Debug|Any CPU
		{19DFF295-9A87-47DE-A12C-A69C4648F6DA}.Debug|Any CPU.Build.0 = Debug|Any CPU
		{19DFF295-9A87-47DE-A12C-A69C4648F6DA}.Release|Any CPU.ActiveCfg = Release|Any CPU
		{19DFF295-9A87-47DE-A12C-A69C4648F6DA}.Release|Any CPU.Build.0 = Release|Any CPU
		{BD87D6B3-AA22-4A31-BFFF-57731CA80F68}.Debug|Any CPU.ActiveCfg = Debug|Any CPU
		{BD87D6B3-AA22-4A31-BFFF-57731CA80F68}.Debug|Any CPU.Build.0 = Debug|Any CPU
		{BD87D6B3-AA22-4A31-BFFF-57731CA80F68}.Release|Any CPU.ActiveCfg = Release|Any CPU
		{BD87D6B3-AA22-4A31-BFFF-57731CA80F68}.Release|Any CPU.Build.0 = Release|Any CPU
		{8C1A7A1D-3605-4C71-992F-EAB2D7A2841F}.Debug|Any CPU.ActiveCfg = Debug|Any CPU
		{8C1A7A1D-3605-4C71-992F-EAB2D7A2841F}.Debug|Any CPU.Build.0 = Debug|Any CPU
		{8C1A7A1D-3605-4C71-992F-EAB2D7A2841F}.Release|Any CPU.ActiveCfg = Release|Any CPU
		{8C1A7A1D-3605-4C71-992F-EAB2D7A2841F}.Release|Any CPU.Build.0 = Release|Any CPU
	EndGlobalSection
	GlobalSection(SolutionProperties) = preSolution
		HideSolutionNode = FALSE
	EndGlobalSection
	GlobalSection(NestedProjects) = preSolution
		{F101AB03-6F43-4663-85E7-24E4387C8E98} = {44113EE7-27D9-42EF-8343-93B993B956C9}
		{BE10C66B-D17E-4F5D-AE3B-2F169DECCB90} = {44113EE7-27D9-42EF-8343-93B993B956C9}
		{027D436A-F5CC-4646-83E5-ED67FAEB6A67} = {44113EE7-27D9-42EF-8343-93B993B956C9}
		{9BDB8262-F77D-43AC-86BA-721A7B60E052} = {44113EE7-27D9-42EF-8343-93B993B956C9}
		{EAE2B96C-A9C9-49B9-A316-A3DA6BA4F947} = {44113EE7-27D9-42EF-8343-93B993B956C9}
		{CD8D925B-685F-4182-AB7A-9A5F20C60B25} = {F101AB03-6F43-4663-85E7-24E4387C8E98}
		{9817A618-0514-4C78-8845-06CABC15EFBF} = {F101AB03-6F43-4663-85E7-24E4387C8E98}
		{36276BEE-A7AB-4DA2-A32D-3EE201A358CC} = {F101AB03-6F43-4663-85E7-24E4387C8E98}
		{B9387FCF-E018-4EE7-BE80-A7D70F2B7252} = {BE10C66B-D17E-4F5D-AE3B-2F169DECCB90}
		{F36E8EED-A602-496E-AF23-17E7B4EC2DDC} = {BE10C66B-D17E-4F5D-AE3B-2F169DECCB90}
		{44B68F23-FED4-47FE-B8D0-AE71D21703E6} = {BE10C66B-D17E-4F5D-AE3B-2F169DECCB90}
		{2BEC3CA3-B8F1-4E05-849A-E8D60589B7EC} = {9BDB8262-F77D-43AC-86BA-721A7B60E052}
		{9C43128D-4A07-45BB-931D-C35C4A87783B} = {9BDB8262-F77D-43AC-86BA-721A7B60E052}
		{C0A11342-59CC-4D87-8574-73EABD11989D} = {9BDB8262-F77D-43AC-86BA-721A7B60E052}
		{FD7ADB94-792F-4F57-AAFA-C538918702FA} = {027D436A-F5CC-4646-83E5-ED67FAEB6A67}
		{A3638E2E-60DE-44ED-9032-D77E4CD9DEC1} = {027D436A-F5CC-4646-83E5-ED67FAEB6A67}
		{7EA2B93E-60C4-4E9B-8895-7B51A470C407} = {027D436A-F5CC-4646-83E5-ED67FAEB6A67}
		{67825EA3-93E6-4167-8FF0-E7C1C38BBBE3} = {EAE2B96C-A9C9-49B9-A316-A3DA6BA4F947}
		{5E9F4992-FA2D-4363-B996-469A966D696C} = {EAE2B96C-A9C9-49B9-A316-A3DA6BA4F947}
		{5A7D8AB2-365F-417E-B964-7A8CC39B190F} = {EAE2B96C-A9C9-49B9-A316-A3DA6BA4F947}
		{19DFF295-9A87-47DE-A12C-A69C4648F6DA} = {1DC6429E-46D7-4C46-9759-C3EFABB68252}
		{41BC7128-E88F-4153-96E4-A54366D07A54} = {44113EE7-27D9-42EF-8343-93B993B956C9}
		{BD87D6B3-AA22-4A31-BFFF-57731CA80F68} = {41BC7128-E88F-4153-96E4-A54366D07A54}
		{8C1A7A1D-3605-4C71-992F-EAB2D7A2841F} = {F101AB03-6F43-4663-85E7-24E4387C8E98}
	EndGlobalSection
	GlobalSection(ExtensibilityGlobals) = postSolution
		SolutionGuid = {7426EB43-7537-4A61-8BA5-BA4ED903EF0F}
	EndGlobalSection
EndGlobal
